lockfileVersion: '6.0'

settings:
  autoInstallPeers: true
  excludeLinksFromLockfile: false

dependencies:
  '@urql/core':
    specifier: ^4.2.0
    version: 4.2.0

packages:

  /@0no-co/graphql.web@1.0.4:
    resolution: {integrity: sha512-W3ezhHGfO0MS1PtGloaTpg0PbaT8aZSmmaerL7idtU5F7oCI+uu25k+MsMS31BVFlp4aMkHSrNRxiD72IlK8TA==}
    peerDependencies:
      graphql: ^14.0.0 || ^15.0.0 || ^16.0.0
    peerDependenciesMeta:
      graphql:
        optional: true
    dev: false

  /@urql/core@4.2.0:
    resolution: {integrity: sha512-GRkZ4kECR9UohWAjiSk2UYUetco6/PqSrvyC4AH6g16tyqEShA63M232cfbE1J9XJPaGNjia14Gi+oOqzp144w==}
    dependencies:
      '@0no-co/graphql.web': 1.0.4
      wonka: 6.3.4
    transitivePeerDependencies:
      - graphql
    dev: false

  /wonka@6.3.4:
    resolution: {integrity: sha512-CjpbqNtBGNAeyNS/9W6q3kSkKE52+FjIj7AkFlLr11s/VWGUu6a2CdYSdGxocIhIVjaW/zchesBQUKPVU69Cqg==}
    dev: false
